
Microsoft Visual Studio Solution File, Format Version 12.00
# Visual Studio 14
VisualStudioVersion = 14.0.23107.0
MinimumVisualStudioVersion = 10.0.40219.1
Project("{FAE04EC0-301F-11D3-BF4B-00C04F79EFBC}") = "SteamAccountSwitcher", "SteamAccountSwitcher\SteamAccountSwitcher.csproj", "{87F5B85B-F4AB-47DA-AFD7-97CC7E450E12}"
EndProject
Project("{6141683F-8A12-4E36-9623-2EB02B2C2303}") = "SteamAccountSwitcherSetup", "SteamAccountSwitcherSetup\SteamAccountSwitcherSetup.isproj", "{633F1FDD-3E71-4040-8519-F9E89B315E2A}"
EndProject
Global
	GlobalSection(SolutionConfigurationPlatforms) = preSolution
		CD_ROM|Any CPU = CD_ROM|Any CPU
		Debug|Any CPU = Debug|Any CPU
		DVD-5|Any CPU = DVD-5|Any CPU
		Release|Any CPU = Release|Any CPU
		SingleImage|Any CPU = SingleImage|Any CPU
	EndGlobalSection
	GlobalSection(ProjectConfigurationPlatforms) = postSolution
		{87F5B85B-F4AB-47DA-AFD7-97CC7E450E12}.CD_ROM|Any CPU.ActiveCfg = Release|Any CPU
		{87F5B85B-F4AB-47DA-AFD7-97CC7E450E12}.CD_ROM|Any CPU.Build.0 = Release|Any CPU
		{87F5B85B-F4AB-47DA-AFD7-97CC7E450E12}.Debug|Any CPU.ActiveCfg = Debug|Any CPU
		{87F5B85B-F4AB-47DA-AFD7-97CC7E450E12}.Debug|Any CPU.Build.0 = Debug|Any CPU
		{87F5B85B-F4AB-47DA-AFD7-97CC7E450E12}.DVD-5|Any CPU.ActiveCfg = Debug|Any CPU
		{87F5B85B-F4AB-47DA-AFD7-97CC7E450E12}.DVD-5|Any CPU.Build.0 = Debug|Any CPU
		{87F5B85B-F4AB-47DA-AFD7-97CC7E450E12}.Release|Any CPU.ActiveCfg = Release|Any CPU
		{87F5B85B-F4AB-47DA-AFD7-97CC7E450E12}.Release|Any CPU.Build.0 = Release|Any CPU
		{87F5B85B-F4AB-47DA-AFD7-97CC7E450E12}.SingleImage|Any CPU.ActiveCfg = Release|Any CPU
		{87F5B85B-F4AB-47DA-AFD7-97CC7E450E12}.SingleImage|Any CPU.Build.0 = Release|Any CPU
		{633F1FDD-3E71-4040-8519-F9E89B315E2A}.CD_ROM|Any CPU.ActiveCfg = CD_ROM
		{633F1FDD-3E71-4040-8519-F9E89B315E2A}.CD_ROM|Any CPU.Build.0 = CD_ROM
		{633F1FDD-3E71-4040-8519-F9E89B315E2A}.Debug|Any CPU.ActiveCfg = DVD-5
		{633F1FDD-3E71-4040-8519-F9E89B315E2A}.Debug|Any CPU.Build.0 = DVD-5
		{633F1FDD-3E71-4040-8519-F9E89B315E2A}.DVD-5|Any CPU.ActiveCfg = DVD-5
		{633F1FDD-3E71-4040-8519-F9E89B315E2A}.DVD-5|Any CPU.Build.0 = DVD-5
		{633F1FDD-3E71-4040-8519-F9E89B315E2A}.Release|Any CPU.ActiveCfg = SingleImage
		{633F1FDD-3E71-4040-8519-F9E89B315E2A}.Release|Any CPU.Build.0 = SingleImage
		{633F1FDD-3E71-4040-8519-F9E89B315E2A}.SingleImage|Any CPU.ActiveCfg = SingleImage
		{633F1FDD-3E71-4040-8519-F9E89B315E2A}.SingleImage|Any CPU.Build.0 = SingleImage
	EndGlobalSection
	GlobalSection(SolutionProperties) = preSolution
		HideSolutionNode = FALSE
	EndGlobalSection
EndGlobal
